PODS:
  - audio_session (0.0.1):
    - Flutter
  - barcode_scan (0.0.1):
    - Flutter
    - MTBBarcodeScanner
    - SwiftProtobuf
  - esse_core (0.0.1):
    - Flutter
  - Flutter (1.0.0)
  - image_picker (0.0.1):
    - Flutter
  - integration_test (0.0.1):
    - Flutter
  - just_audio (0.0.1):
    - Flutter
  - MTBBarcodeScanner (5.0.11)
  - path_provider (0.0.1):
    - Flutter
  - record (0.0.1):
    - Flutter
  - shared_preferences (0.0.1):
    - Flutter
  - SwiftProtobuf (1.14.0)
  - url_launcher (0.0.1):
    - Flutter

DEPENDENCIES:
  - audio_session (from `.symlinks/plugins/audio_session/ios`)
  - barcode_scan (from `.symlinks/plugins/barcode_scan/ios`)
  - esse_core (from `.symlinks/plugins/esse_core/ios`)
  - Flutter (from `Flutter`)
  - image_picker (from `.symlinks/plugins/image_picker/ios`)
  - integration_test (from `.symlinks/plugins/integration_test/ios`)
  - just_audio (from `.symlinks/plugins/just_audio/ios`)
  - path_provider (from `.symlinks/plugins/path_provider/ios`)
  - record (from `.symlinks/plugins/record/ios`)
  - shared_preferences (from `.symlinks/plugins/shared_preferences/ios`)
  - url_launcher (from `.symlinks/plugins/url_launcher/ios`)

SPEC REPOS:
  trunk:
    - MTBBarcodeScanner
    - SwiftProtobuf

EXTERNAL SOURCES:
  audio_session:
    :path: ".symlinks/plugins/audio_session/ios"
  barcode_scan:
    :path: ".symlinks/plugins/barcode_scan/ios"
  esse_core:
    :path: ".symlinks/plugins/esse_core/ios"
  Flutter:
    :path: Flutter
  image_picker:
    :path: ".symlinks/plugins/image_picker/ios"
  integration_test:
    :path: ".symlinks/plugins/integration_test/ios"
  just_audio:
    :path: ".symlinks/plugins/just_audio/ios"
  path_provider:
    :path: ".symlinks/plugins/path_provider/ios"
  record:
    :path: ".symlinks/plugins/record/ios"
  shared_preferences:
    :path: ".symlinks/plugins/shared_preferences/ios"
  url_launcher:
    :path: ".symlinks/plugins/url_launcher/ios"

SPEC CHECKSUMS:
  audio_session: 4f3e461722055d21515cf3261b64c973c062f345
  barcode_scan: a5c27959edfafaa0c771905bad0b29d6d39e4479
  esse_core: 1c4544341669919b9ea82825561c2c9d2775a842
  Flutter: 434fef37c0980e73bb6479ef766c45957d4b510c
  image_picker: 50e7c7ff960e5f58faa4d1f4af84a771c671bc4a
  integration_test: 6eb66a19f7104200dcfdd62bc0077e1b09686e4f
  just_audio: baa7252489dbcf47a4c7cc9ca663e9661c99aafa
  MTBBarcodeScanner: f453b33c4b7dfe545d8c6484ed744d55671788cb
  path_provider: abfe2b5c733d04e238b0d8691db0cfd63a27a93c
  record: 7ee2393532f8553bbb09fa19e95478323b7c0a99
  shared_preferences: af6bfa751691cdc24be3045c43ec037377ada40d
  SwiftProtobuf: ed465ed18402f998fd117f631da27e0168e6b59c
  url_launcher: 6fef411d543ceb26efce54b05a0a40bfd74cbbef

PODFILE CHECKSUM: aafe91acc616949ddb318b77800a7f51bffa2a4c

COCOAPODS: 1.10.0
